
Microsoft Visual Studio Solution File, Format Version 12.00
# Visual Studio Version 16
VisualStudioVersion = 16.0.28922.388
MinimumVisualStudioVersion = 10.0.40219.1
Project("{FAE04EC0-301F-11D3-BF4B-00C04F79EFBC}") = "EncryptedMessengerApp.API", "EncryptedMessengerApp.API\EncryptedMessengerApp.API.csproj", "{00387A53-804B-47C6-963A-E1332D809111}"
EndProject
Project("{FAE04EC0-301F-11D3-BF4B-00C04F79EFBC}") = "EncryptedMessengerApp.Server", "EncryptedMessengerApp.Server\EncryptedMessengerApp.Server.csproj", "{17798514-3530-42DE-8804-D4709847A0BC}"
EndProject
Global
	GlobalSection(SolutionConfigurationPlatforms) = preSolution
		Debug|Any CPU = Debug|Any CPU
		Release|Any CPU = Release|Any CPU
	EndGlobalSection
	GlobalSection(ProjectConfigurationPlatforms) = postSolution
		{00387A53-804B-47C6-963A-E1332D809111}.Debug|Any CPU.ActiveCfg = Debug|Any CPU
		{00387A53-804B-47C6-963A-E1332D809111}.Debug|Any CPU.Build.0 = Debug|Any CPU
		{00387A53-804B-47C6-963A-E1332D809111}.Release|Any CPU.ActiveCfg = Release|Any CPU
		{00387A53-804B-47C6-963A-E1332D809111}.Release|Any CPU.Build.0 = Release|Any CPU
		{17798514-3530-42DE-8804-D4709847A0BC}.Debug|Any CPU.ActiveCfg = Debug|Any CPU
		{17798514-3530-42DE-8804-D4709847A0BC}.Debug|Any CPU.Build.0 = Debug|Any CPU
		{17798514-3530-42DE-8804-D4709847A0BC}.Release|Any CPU.ActiveCfg = Release|Any CPU
		{17798514-3530-42DE-8804-D4709847A0BC}.Release|Any CPU.Build.0 = Release|Any CPU
	EndGlobalSection
	GlobalSection(SolutionProperties) = preSolution
		HideSolutionNode = FALSE
	EndGlobalSection
	GlobalSection(ExtensibilityGlobals) = postSolution
		SolutionGuid = {C4E167BA-49C6-43DD-87DB-E7C4200F5614}
	EndGlobalSection
EndGlobal
